{
  "name": "merlin-supervisor",
  "version": "1.0.0",
  "lockfileVersion": 3,
  "requires": true,
  "packages": {
    "": {
      "name": "merlin-supervisor",
      "version": "1.0.0",
      "bin": {
        "supervisor": "index.mjs"
      },
      "engines": {
        "node": ">=20"
      }
    }
  }
}
